
Microsoft Visual Studio Solution File, Format Version 12.00
# Visual Studio Version 16
VisualStudioVersion = 16.0.31205.134
MinimumVisualStudioVersion = 10.0.40219.1
Project("{888888A0-9F3D-457C-B088-3A5042F75D52}") = "ch6.3 - Bullet Points", "ch6.3 - Bullet Points.pyproj", "{EB50D70F-DA25-4411-8DF2-BCD22F4BB021}"
EndProject
Global
	GlobalSection(SolutionConfigurationPlatforms) = preSolution
		Debug|Any CPU = Debug|Any CPU
		Release|Any CPU = Release|Any CPU
	EndGlobalSection
	GlobalSection(ProjectConfigurationPlatforms) = postSolution
		{EB50D70F-DA25-4411-8DF2-BCD22F4BB021}.Debug|Any CPU.ActiveCfg = Debug|Any CPU
		{EB50D70F-DA25-4411-8DF2-BCD22F4BB021}.Release|Any CPU.ActiveCfg = Release|Any CPU
	EndGlobalSection
	GlobalSection(SolutionProperties) = preSolution
		HideSolutionNode = FALSE
	EndGlobalSection
	GlobalSection(ExtensibilityGlobals) = postSolution
		SolutionGuid = {5B95941C-E753-4623-B29D-6686BC99C296}
	EndGlobalSection
EndGlobal
