
Microsoft Visual Studio Solution File, Format Version 12.00
# Visual Studio Version 16
VisualStudioVersion = 16.0.31205.134
MinimumVisualStudioVersion = 10.0.40219.1
Project("{888888A0-9F3D-457C-B088-3A5042F75D52}") = "ch2.1 - swordfish", "ch2.1 - swordfish.pyproj", "{EDF87573-C7FF-4176-A9A3-9D891CC75633}"
EndProject
Global
	GlobalSection(SolutionConfigurationPlatforms) = preSolution
		Debug|Any CPU = Debug|Any CPU
		Release|Any CPU = Release|Any CPU
	EndGlobalSection
	GlobalSection(ProjectConfigurationPlatforms) = postSolution
		{EDF87573-C7FF-4176-A9A3-9D891CC75633}.Debug|Any CPU.ActiveCfg = Debug|Any CPU
		{EDF87573-C7FF-4176-A9A3-9D891CC75633}.Release|Any CPU.ActiveCfg = Release|Any CPU
	EndGlobalSection
	GlobalSection(SolutionProperties) = preSolution
		HideSolutionNode = FALSE
	EndGlobalSection
	GlobalSection(ExtensibilityGlobals) = postSolution
		SolutionGuid = {B793FA41-42CA-4071-89DA-1885D8DE76CA}
	EndGlobalSection
EndGlobal
