
Microsoft Visual Studio Solution File, Format Version 12.00
# Visual Studio Version 16
VisualStudioVersion = 16.0.31205.134
MinimumVisualStudioVersion = 10.0.40219.1
Project("{888888A0-9F3D-457C-B088-3A5042F75D52}") = "ch3.2 - Except", "ch3.2 - Except.pyproj", "{9E5E966B-33EF-4ED3-BCB7-217560EB1A49}"
EndProject
Global
	GlobalSection(SolutionConfigurationPlatforms) = preSolution
		Debug|Any CPU = Debug|Any CPU
		Release|Any CPU = Release|Any CPU
	EndGlobalSection
	GlobalSection(ProjectConfigurationPlatforms) = postSolution
		{9E5E966B-33EF-4ED3-BCB7-217560EB1A49}.Debug|Any CPU.ActiveCfg = Debug|Any CPU
		{9E5E966B-33EF-4ED3-BCB7-217560EB1A49}.Release|Any CPU.ActiveCfg = Release|Any CPU
	EndGlobalSection
	GlobalSection(SolutionProperties) = preSolution
		HideSolutionNode = FALSE
	EndGlobalSection
	GlobalSection(ExtensibilityGlobals) = postSolution
		SolutionGuid = {B7C1EDA9-1054-404B-8E30-21E229F26DC9}
	EndGlobalSection
EndGlobal
