
Microsoft Visual Studio Solution File, Format Version 12.00
# Visual Studio Version 16
VisualStudioVersion = 16.0.31205.134
MinimumVisualStudioVersion = 10.0.40219.1
Project("{888888A0-9F3D-457C-B088-3A5042F75D52}") = "ch7.2 - Phone and Email Finder", "ch7.2 - Phone and Email Finder.pyproj", "{993B2EA8-2346-44DB-8653-8DA14D7A8336}"
EndProject
Global
	GlobalSection(SolutionConfigurationPlatforms) = preSolution
		Debug|Any CPU = Debug|Any CPU
		Release|Any CPU = Release|Any CPU
	EndGlobalSection
	GlobalSection(ProjectConfigurationPlatforms) = postSolution
		{993B2EA8-2346-44DB-8653-8DA14D7A8336}.Debug|Any CPU.ActiveCfg = Debug|Any CPU
		{993B2EA8-2346-44DB-8653-8DA14D7A8336}.Release|Any CPU.ActiveCfg = Release|Any CPU
	EndGlobalSection
	GlobalSection(SolutionProperties) = preSolution
		HideSolutionNode = FALSE
	EndGlobalSection
	GlobalSection(ExtensibilityGlobals) = postSolution
		SolutionGuid = {BEBBF74D-CF79-4E45-A76E-374BBE7590E8}
	EndGlobalSection
EndGlobal
